// !$*UTF8*$!
{
	archiveVersion = 1;
	classes = {
	};
	objectVersion = 46;
	objects = {

/* Begin PBXBuildFile section */
		1C201CC51A7CB96B006AA0C7 /* AppDelegate.swift in Sources */ = {isa = PBXBuildFile; fileRef = 1C201CC41A7CB96B006AA0C7 /* AppDelegate.swift */; };
		1C201CC71A7CB96B006AA0C7 /* ViewController.swift in Sources */ = {isa = PBXBuildFile; fileRef = 1C201CC61A7CB96B006AA0C7 /* ViewController.swift */; };
		1C201CCA1A7CB96B006AA0C7 /* Main.storyboard in Resources */ = {isa = PBXBuildFile; fileRef = 1C201CC81A7CB96B006AA0C7 /* Main.storyboard */; };
		1C201CCC1A7CB96B006AA0C7 /* Images.xcassets in Resources */ = {isa = PBXBuildFile; fileRef = 1C201CCB1A7CB96B006AA0C7 /* Images.xcassets */; };
		1C201CCF1A7CB96B006AA0C7 /* LaunchScreen.xib in Resources */ = {isa = PBXBuildFile; fileRef = 1C201CCD1A7CB96B006AA0C7 /* LaunchScreen.xib */; };
		1C201CDB1A7CB96B006AA0C7 /* CrossCppTests.swift in Sources */ = {isa = PBXBuildFile; fileRef = 1C201CDA1A7CB96B006AA0C7 /* CrossCppTests.swift */; };
		1C201CE81A7CB9D0006AA0C7 /* HelloSwift.swift in Sources */ = {isa = PBXBuildFile; fileRef = 1C201CE71A7CB9D0006AA0C7 /* HelloSwift.swift */; };
		1C201CEC1A7CBA7E006AA0C7 /* HeyCppOCSwift.m in Sources */ = {isa = PBXBuildFile; fileRef = 1C201CEB1A7CBA7E006AA0C7 /* HeyCppOCSwift.m */; };
		1C201CF01A7CBAE5006AA0C7 /* HeyCpp.cpp in Sources */ = {isa = PBXBuildFile; fileRef = 1C201CEE1A7CBAE5006AA0C7 /* HeyCpp.cpp */; };
		1C201CF41A7CBD8C006AA0C7 /* HeyCppOC.mm in Sources */ = {isa = PBXBuildFile; fileRef = 1C201CF31A7CBD8C006AA0C7 /* HeyCppOC.mm */; };
/* End PBXBuildFile section */

/* Begin PBXContainerItemProxy section */
		1C201CD51A7CB96B006AA0C7 /* PBXContainerItemProxy */ = {
			isa = PBXContainerItemProxy;
			containerPortal = 1C201CB71A7CB96B006AA0C7 /* Project object */;
			proxyType = 1;
			remoteGlobalIDString = 1C201CBE1A7CB96B006AA0C7;
			remoteInfo = CrossCpp;
		};
/* End PBXContainerItemProxy section */

/* Begin PBXFileReference section */
		1C201CBF1A7CB96B006AA0C7 /* CrossCpp.app */ = {isa = PBXFileReference; explicitFileType = wrapper.application; includeInIndex = 0; path = CrossCpp.app; sourceTree = BUILT_PRODUCTS_DIR; };
		1C201CC31A7CB96B006AA0C7 /* Info.plist */ = {isa = PBXFileReference; lastKnownFileType = text.plist.xml; path = Info.plist; sourceTree = "<group>"; };
		1C201CC41A7CB96B006AA0C7 /* AppDelegate.swift */ = {isa = PBXFileReference; lastKnownFileType = sourcecode.swift; path = AppDelegate.swift; sourceTree = "<group>"; };
		1C201CC61A7CB96B006AA0C7 /* ViewController.swift */ = {isa = PBXFileReference; lastKnownFileType = sourcecode.swift; path = ViewController.swift; sourceTree = "<group>"; };
		1C201CC91A7CB96B006AA0C7 /* Base */ = {isa = PBXFileReference; lastKnownFileType = file.storyboard; name = Base; path = Base.lproj/Main.storyboard; sourceTree = "<group>"; };
		1C201CCB1A7CB96B006AA0C7 /* Images.xcassets */ = {isa = PBXFileReference; lastKnownFileType = folder.assetcatalog; path = Images.xcassets; sourceTree = "<group>"; };
		1C201CCE1A7CB96B006AA0C7 /* Base */ = {isa = PBXFileReference; lastKnownFileType = file.xib; name = Base; path = Base.lproj/LaunchScreen.xib; sourceTree = "<group>"; };
		1C201CD41A7CB96B006AA0C7 /* CrossCppTests.xctest */ = {isa = PBXFileReference; explicitFileType = wrapper.cfbundle; includeInIndex = 0; path = CrossCppTests.xctest; sourceTree = BUILT_PRODUCTS_DIR; };
		1C201CD91A7CB96B006AA0C7 /* Info.plist */ = {isa = PBXFileReference; lastKnownFileType = text.plist.xml; path = Info.plist; sourceTree = "<group>"; };
		1C201CDA1A7CB96B006AA0C7 /* CrossCppTests.swift */ = {isa = PBXFileReference; lastKnownFileType = sourcecode.swift; path = CrossCppTests.swift; sourceTree = "<group>"; };
		1C201CE71A7CB9D0006AA0C7 /* HelloSwift.swift */ = {isa = PBXFileReference; fileEncoding = 4; lastKnownFileType = sourcecode.swift; path = HelloSwift.swift; sourceTree = "<group>"; };
		1C201CEA1A7CBA7E006AA0C7 /* HeyCppOCSwift.h */ = {isa = PBXFileReference; fileEncoding = 4; lastKnownFileType = sourcecode.c.h; path = HeyCppOCSwift.h; sourceTree = "<group>"; };
		1C201CEB1A7CBA7E006AA0C7 /* HeyCppOCSwift.m */ = {isa = PBXFileReference; fileEncoding = 4; lastKnownFileType = sourcecode.c.objc; path = HeyCppOCSwift.m; sourceTree = "<group>"; };
		1C201CED1A7CBAB2006AA0C7 /* CrossCpp-Bridging-Header.h */ = {isa = PBXFileReference; fileEncoding = 4; lastKnownFileType = sourcecode.c.h; path = "CrossCpp-Bridging-Header.h"; sourceTree = "<group>"; };
		1C201CEE1A7CBAE5006AA0C7 /* HeyCpp.cpp */ = {isa = PBXFileReference; fileEncoding = 4; lastKnownFileType = sourcecode.cpp.cpp; path = HeyCpp.cpp; sourceTree = "<group>"; };
		1C201CEF1A7CBAE5006AA0C7 /* HeyCpp.h */ = {isa = PBXFileReference; fileEncoding = 4; lastKnownFileType = sourcecode.c.h; path = HeyCpp.h; sourceTree = "<group>"; };
		1C201CF21A7CBD8C006AA0C7 /* HeyCppOC.h */ = {isa = PBXFileReference; fileEncoding = 4; lastKnownFileType = sourcecode.c.h; path = HeyCppOC.h; sourceTree = "<group>"; };
		1C201CF31A7CBD8C006AA0C7 /* HeyCppOC.mm */ = {isa = PBXFileReference; fileEncoding = 4; lastKnownFileType = sourcecode.cpp.objcpp; path = HeyCppOC.mm; sourceTree = "<group>"; };
/* End PBXFileReference section */

/* Begin PBXFrameworksBuildPhase section */
		1C201CBC1A7CB96B006AA0C7 /* Frameworks */ = {
			isa = PBXFrameworksBuildPhase;
			buildActionMask = 2147483647;
			files = (
			);
			runOnlyForDeploymentPostprocessing = 0;
		};
		1C201CD11A7CB96B006AA0C7 /* Frameworks */ = {
			isa = PBXFrameworksBuildPhase;
			buildActionMask = 2147483647;
			files = (
			);
			runOnlyForDeploymentPostprocessing = 0;
		};
/* End PBXFrameworksBuildPhase section */

/* Begin PBXGroup section */
		1C201CB61A7CB96B006AA0C7 = {
			isa = PBXGroup;
			children = (
				1C201CED1A7CBAB2006AA0C7 /* CrossCpp-Bridging-Header.h */,
				1C201CE41A7CB9C0006AA0C7 /* HelloSwift */,
				1C201CE61A7CB9C0006AA0C7 /* HeyCppOCSwift */,
				1C201CE51A7CB9C0006AA0C7 /* HeyCpp */,
				1C201CF11A7CBD76006AA0C7 /* HeyCppOC */,
				1C201CC11A7CB96B006AA0C7 /* CrossCpp */,
				1C201CD71A7CB96B006AA0C7 /* CrossCppTests */,
				1C201CC01A7CB96B006AA0C7 /* Products */,
			);
			sourceTree = "<group>";
		};
		1C201CC01A7CB96B006AA0C7 /* Products */ = {
			isa = PBXGroup;
			children = (
				1C201CBF1A7CB96B006AA0C7 /* CrossCpp.app */,
				1C201CD41A7CB96B006AA0C7 /* CrossCppTests.xctest */,
			);
			name = Products;
			sourceTree = "<group>";
		};
		1C201CC11A7CB96B006AA0C7 /* CrossCpp */ = {
			isa = PBXGroup;
			children = (
				1C201CC41A7CB96B006AA0C7 /* AppDelegate.swift */,
				1C201CC61A7CB96B006AA0C7 /* ViewController.swift */,
				1C201CC81A7CB96B006AA0C7 /* Main.storyboard */,
				1C201CCB1A7CB96B006AA0C7 /* Images.xcassets */,
				1C201CCD1A7CB96B006AA0C7 /* LaunchScreen.xib */,
				1C201CC21A7CB96B006AA0C7 /* Supporting Files */,
			);
			path = CrossCpp;
			sourceTree = "<group>";
		};
		1C201CC21A7CB96B006AA0C7 /* Supporting Files */ = {
			isa = PBXGroup;
			children = (
				1C201CC31A7CB96B006AA0C7 /* Info.plist */,
			);
			name = "Supporting Files";
			sourceTree = "<group>";
		};
		1C201CD71A7CB96B006AA0C7 /* CrossCppTests */ = {
			isa = PBXGroup;
			children = (
				1C201CDA1A7CB96B006AA0C7 /* CrossCppTests.swift */,
				1C201CD81A7CB96B006AA0C7 /* Supporting Files */,
			);
			path = CrossCppTests;
			sourceTree = "<group>";
		};
		1C201CD81A7CB96B006AA0C7 /* Supporting Files */ = {
			isa = PBXGroup;
			children = (
				1C201CD91A7CB96B006AA0C7 /* Info.plist */,
			);
			name = "Supporting Files";
			sourceTree = "<group>";
		};
		1C201CE41A7CB9C0006AA0C7 /* HelloSwift */ = {
			isa = PBXGroup;
			children = (
				1C201CE71A7CB9D0006AA0C7 /* HelloSwift.swift */,
			);
			path = HelloSwift;
			sourceTree = "<group>";
		};
		1C201CE51A7CB9C0006AA0C7 /* HeyCpp */ = {
			isa = PBXGroup;
			children = (
				1C201CEE1A7CBAE5006AA0C7 /* HeyCpp.cpp */,
				1C201CEF1A7CBAE5006AA0C7 /* HeyCpp.h */,
			);
			path = HeyCpp;
			sourceTree = "<group>";
		};
		1C201CE61A7CB9C0006AA0C7 /* HeyCppOCSwift */ = {
			isa = PBXGroup;
			children = (
				1C201CEA1A7CBA7E006AA0C7 /* HeyCppOCSwift.h */,
				1C201CEB1A7CBA7E006AA0C7 /* HeyCppOCSwift.m */,
			);
			path = HeyCppOCSwift;
			sourceTree = "<group>";
		};
		1C201CF11A7CBD76006AA0C7 /* HeyCppOC */ = {
			isa = PBXGroup;
			children = (
				1C201CF21A7CBD8C006AA0C7 /* HeyCppOC.h */,
				1C201CF31A7CBD8C006AA0C7 /* HeyCppOC.mm */,
			);
			path = HeyCppOC;
			sourceTree = "<group>";
		};
/* End PBXGroup section */

/* Begin PBXNativeTarget section */
		1C201CBE1A7CB96B006AA0C7 /* CrossCpp */ = {
			isa = PBXNativeTarget;
			buildConfigurationList = 1C201CDE1A7CB96B006AA0C7 /* Build configuration list for PBXNativeTarget "CrossCpp" */;
			buildPhases = (
				1C201CBB1A7CB96B006AA0C7 /* Sources */,
				1C201CBC1A7CB96B006AA0C7 /* Frameworks */,
				1C201CBD1A7CB96B006AA0C7 /* Resources */,
			);
			buildRules = (
			);
			dependencies = (
			);
			name = CrossCpp;
			productName = CrossCpp;
			productReference = 1C201CBF1A7CB96B006AA0C7 /* CrossCpp.app */;
			productType = "com.apple.product-type.application";
		};
		1C201CD31A7CB96B006AA0C7 /* CrossCppTests */ = {
			isa = PBXNativeTarget;
			buildConfigurationList = 1C201CE11A7CB96B006AA0C7 /* Build configuration list for PBXNativeTarget "CrossCppTests" */;
			buildPhases = (
				1C201CD01A7CB96B006AA0C7 /* Sources */,
				1C201CD11A7CB96B006AA0C7 /* Frameworks */,
				1C201CD21A7CB96B006AA0C7 /* Resources */,
			);
			buildRules = (
			);
			dependencies = (
				1C201CD61A7CB96B006AA0C7 /* PBXTargetDependency */,
			);
			name = CrossCppTests;
			productName = CrossCppTests;
			productReference = 1C201CD41A7CB96B006AA0C7 /* CrossCppTests.xctest */;
			productType = "com.apple.product-type.bundle.unit-test";
		};
/* End PBXNativeTarget section */

/* Begin PBXProject section */
		1C201CB71A7CB96B006AA0C7 /* Project object */ = {
			isa = PBXProject;
			attributes = {
				LastUpgradeCheck = 0610;
				ORGANIZATIONNAME = darklinden;
				TargetAttributes = {
					1C201CBE1A7CB96B006AA0C7 = {
						CreatedOnToolsVersion = 6.1.1;
					};
					1C201CD31A7CB96B006AA0C7 = {
						CreatedOnToolsVersion = 6.1.1;
						TestTargetID = 1C201CBE1A7CB96B006AA0C7;
					};
				};
			};
			buildConfigurationList = 1C201CBA1A7CB96B006AA0C7 /* Build configuration list for PBXProject "CrossCpp" */;
			compatibilityVersion = "Xcode 3.2";
			developmentRegion = English;
			hasScannedForEncodings = 0;
			knownRegions = (
				en,
				Base,
			);
			mainGroup = 1C201CB61A7CB96B006AA0C7;
			productRefGroup = 1C201CC01A7CB96B006AA0C7 /* Products */;
			projectDirPath = "";
			projectRoot = "";
			targets = (
				1C201CBE1A7CB96B006AA0C7 /* CrossCpp */,
				1C201CD31A7CB96B006AA0C7 /* CrossCppTests */,
			);
		};
/* End PBXProject section */

/* Begin PBXResourcesBuildPhase section */
		1C201CBD1A7CB96B006AA0C7 /* Resources */ = {
			isa = PBXResourcesBuildPhase;
			buildActionMask = 2147483647;
			files = (
				1C201CCA1A7CB96B006AA0C7 /* Main.storyboard in Resources */,
				1C201CCF1A7CB96B006AA0C7 /* LaunchScreen.xib in Resources */,
				1C201CCC1A7CB96B006AA0C7 /* Images.xcassets in Resources */,
			);
			runOnlyForDeploymentPostprocessing = 0;
		};
		1C201CD21A7CB96B006AA0C7 /* Resources */ = {
			isa = PBXResourcesBuildPhase;
			buildActionMask = 2147483647;
			files = (
			);
			runOnlyForDeploymentPostprocessing = 0;
		};
/* End PBXResourcesBuildPhase section */

/* Begin PBXSourcesBuildPhase section */
		1C201CBB1A7CB96B006AA0C7 /* Sources */ = {
			isa = PBXSourcesBuildPhase;
			buildActionMask = 2147483647;
			files = (
				1C201CF01A7CBAE5006AA0C7 /* HeyCpp.cpp in Sources */,
				1C201CC71A7CB96B006AA0C7 /* ViewController.swift in Sources */,
				1C201CF41A7CBD8C006AA0C7 /* HeyCppOC.mm in Sources */,
				1C201CE81A7CB9D0006AA0C7 /* HelloSwift.swift in Sources */,
				1C201CEC1A7CBA7E006AA0C7 /* HeyCppOCSwift.m in Sources */,
				1C201CC51A7CB96B006AA0C7 /* AppDelegate.swift in Sources */,
			);
			runOnlyForDeploymentPostprocessing = 0;
		};
		1C201CD01A7CB96B006AA0C7 /* Sources */ = {
			isa = PBXSourcesBuildPhase;
			buildActionMask = 2147483647;
			files = (
				1C201CDB1A7CB96B006AA0C7 /* CrossCppTests.swift in Sources */,
			);
			runOnlyForDeploymentPostprocessing = 0;
		};
/* End PBXSourcesBuildPhase section */

/* Begin PBXTargetDependency section */
		1C201CD61A7CB96B006AA0C7 /* PBXTargetDependency */ = {
			isa = PBXTargetDependency;
			target = 1C201CBE1A7CB96B006AA0C7 /* CrossCpp */;
			targetProxy = 1C201CD51A7CB96B006AA0C7 /* PBXContainerItemProxy */;
		};
/* End PBXTargetDependency section */

/* Begin PBXVariantGroup section */
		1C201CC81A7CB96B006AA0C7 /* Main.storyboard */ = {
			isa = PBXVariantGroup;
			children = (
				1C201CC91A7CB96B006AA0C7 /* Base */,
			);
			name = Main.storyboard;
			sourceTree = "<group>";
		};
		1C201CCD1A7CB96B006AA0C7 /* LaunchScreen.xib */ = {
			isa = PBXVariantGroup;
			children = (
				1C201CCE1A7CB96B006AA0C7 /* Base */,
			);
			name = LaunchScreen.xib;
			sourceTree = "<group>";
		};
/* End PBXVariantGroup section */

/* Begin XCBuildConfiguration section */
		1C201CDC1A7CB96B006AA0C7 /* Debug */ = {
			isa = XCBuildConfiguration;
			buildSettings = {
				ALWAYS_SEARCH_USER_PATHS = NO;
				CLANG_CXX_LANGUAGE_STANDARD = "gnu++0x";
				CLANG_CXX_LIBRARY = "libc++";
				CLANG_ENABLE_MODULES = YES;
				CLANG_ENABLE_OBJC_ARC = YES;
				CLANG_WARN_BOOL_CONVERSION = YES;
				CLANG_WARN_CONSTANT_CONVERSION = YES;
				CLANG_WARN_DIRECT_OBJC_ISA_USAGE = YES_ERROR;
				CLANG_WARN_EMPTY_BODY = YES;
				CLANG_WARN_ENUM_CONVERSION = YES;
				CLANG_WARN_INT_CONVERSION = YES;
				CLANG_WARN_OBJC_ROOT_CLASS = YES_ERROR;
				CLANG_WARN_UNREACHABLE_CODE = YES;
				CLANG_WARN__DUPLICATE_METHOD_MATCH = YES;
				"CODE_SIGN_IDENTITY[sdk=iphoneos*]" = "iPhone Developer";
				COPY_PHASE_STRIP = NO;
				ENABLE_STRICT_OBJC_MSGSEND = YES;
				GCC_C_LANGUAGE_STANDARD = gnu99;
				GCC_DYNAMIC_NO_PIC = NO;
				GCC_OPTIMIZATION_LEVEL = 0;
				GCC_PREPROCESSOR_DEFINITIONS = (
					"DEBUG=1",
					"$(inherited)",
				);
				GCC_SYMBOLS_PRIVATE_EXTERN = NO;
				GCC_WARN_64_TO_32_BIT_CONVERSION = YES;
				GCC_WARN_ABOUT_RETURN_TYPE = YES_ERROR;
				GCC_WARN_UNDECLARED_SELECTOR = YES;
				GCC_WARN_UNINITIALIZED_AUTOS = YES_AGGRESSIVE;
				GCC_WARN_UNUSED_FUNCTION = YES;
				GCC_WARN_UNUSED_VARIABLE = YES;
				IPHONEOS_DEPLOYMENT_TARGET = 8.1;
				MTL_ENABLE_DEBUG_INFO = YES;
				ONLY_ACTIVE_ARCH = YES;
				SDKROOT = iphoneos;
				SWIFT_OPTIMIZATION_LEVEL = "-Onone";
				TARGETED_DEVICE_FAMILY = "1,2";
			};
			name = Debug;
		};
		1C201CDD1A7CB96B006AA0C7 /* Release */ = {
			isa = XCBuildConfiguration;
			buildSettings = {
				ALWAYS_SEARCH_USER_PATHS = NO;
				CLANG_CXX_LANGUAGE_STANDARD = "gnu++0x";
				CLANG_CXX_LIBRARY = "libc++";
				CLANG_ENABLE_MODULES = YES;
				CLANG_ENABLE_OBJC_ARC = YES;
				CLANG_WARN_BOOL_CONVERSION = YES;
				CLANG_WARN_CONSTANT_CONVERSION = YES;
				CLANG_WARN_DIRECT_OBJC_ISA_USAGE = YES_ERROR;
				CLANG_WARN_EMPTY_BODY = YES;
				CLANG_WARN_ENUM_CONVERSION = YES;
				CLANG_WARN_INT_CONVERSION = YES;
				CLANG_WARN_OBJC_ROOT_CLASS = YES_ERROR;
				CLANG_WARN_UNREACHABLE_CODE = YES;
				CLANG_WARN__DUPLICATE_METHOD_MATCH = YES;
				"CODE_SIGN_IDENTITY[sdk=iphoneos*]" = "iPhone Developer";
				COPY_PHASE_STRIP = YES;
				ENABLE_NS_ASSERTIONS = NO;
				ENABLE_STRICT_OBJC_MSGSEND = YES;
				GCC_C_LANGUAGE_STANDARD = gnu99;
				GCC_WARN_64_TO_32_BIT_CONVERSION = YES;
				GCC_WARN_ABOUT_RETURN_TYPE = YES_ERROR;
				GCC_WARN_UNDECLARED_SELECTOR = YES;
				GCC_WARN_UNINITIALIZED_AUTOS = YES_AGGRESSIVE;
				GCC_WARN_UNUSED_FUNCTION = YES;
				GCC_WARN_UNUSED_VARIABLE = YES;
				IPHONEOS_DEPLOYMENT_TARGET = 8.1;
				MTL_ENABLE_DEBUG_INFO = NO;
				SDKROOT = iphoneos;
				TARGETED_DEVICE_FAMILY = "1,2";
				VALIDATE_PRODUCT = YES;
			};
			name = Release;
		};
		1C201CDF1A7CB96B006AA0C7 /* Debug */ = {
			isa = XCBuildConfiguration;
			buildSettings = {
				ASSETCATALOG_COMPILER_APPICON_NAME = AppIcon;
				CLANG_ENABLE_MODULES = YES;
				GCC_INPUT_FILETYPE = sourcecode.cpp.objcpp;
				INFOPLIST_FILE = CrossCpp/Info.plist;
				LD_RUNPATH_SEARCH_PATHS = "$(inherited) @executable_path/Frameworks";
				PRODUCT_NAME = "$(TARGET_NAME)";
				SWIFT_OBJC_BRIDGING_HEADER = "CrossCpp-Bridging-Header.h";
				SWIFT_OPTIMIZATION_LEVEL = "-Onone";
			};
			name = Debug;
		};
		1C201CE01A7CB96B006AA0C7 /* Release */ = {
			isa = XCBuildConfiguration;
			buildSettings = {
				ASSETCATALOG_COMPILER_APPICON_NAME = AppIcon;
				CLANG_ENABLE_MODULES = YES;
				GCC_INPUT_FILETYPE = sourcecode.cpp.objcpp;
				INFOPLIST_FILE = CrossCpp/Info.plist;
				LD_RUNPATH_SEARCH_PATHS = "$(inherited) @executable_path/Frameworks";
				PRODUCT_NAME = "$(TARGET_NAME)";
				SWIFT_OBJC_BRIDGING_HEADER = "CrossCpp-Bridging-Header.h";
			};
			name = Release;
		};
		1C201CE21A7CB96B006AA0C7 /* Debug */ = {
			isa = XCBuildConfiguration;
			buildSettings = {
				BUNDLE_LOADER = "$(TEST_HOST)";
				FRAMEWORK_SEARCH_PATHS = (
					"$(SDKROOT)/Developer/Library/Frameworks",
					"$(inherited)",
				);
				GCC_PREPROCESSOR_DEFINITIONS = (
					"DEBUG=1",
					"$(inherited)",
				);
				INFOPLIST_FILE = CrossCppTests/Info.plist;
				LD_RUNPATH_SEARCH_PATHS = "$(inherited) @executable_path/Frameworks @loader_path/Frameworks";
				PRODUCT_NAME = "$(TARGET_NAME)";
				TEST_HOST = "$(BUILT_PRODUCTS_DIR)/CrossCpp.app/CrossCpp";
			};
			name = Debug;
		};
		1C201CE31A7CB96B006AA0C7 /* Release */ = {
			isa = XCBuildConfiguration;
			buildSettings = {
				BUNDLE_LOADER = "$(TEST_HOST)";
				FRAMEWORK_SEARCH_PATHS = (
					"$(SDKROOT)/Developer/Library/Frameworks",
					"$(inherited)",
				);
				INFOPLIST_FILE = CrossCppTests/Info.plist;
				LD_RUNPATH_SEARCH_PATHS = "$(inherited) @executable_path/Frameworks @loader_path/Frameworks";
				PRODUCT_NAME = "$(TARGET_NAME)";
				TEST_HOST = "$(BUILT_PRODUCTS_DIR)/CrossCpp.app/CrossCpp";
			};
			name = Release;
		};
/* End XCBuildConfiguration section */

/* Begin XCConfigurationList section */
		1C201CBA1A7CB96B006AA0C7 /* Build configuration list for PBXProject "CrossCpp" */ = {
			isa = XCConfigurationList;
			buildConfigurations = (
				1C201CDC1A7CB96B006AA0C7 /* Debug */,
				1C201CDD1A7CB96B006AA0C7 /* Release */,
			);
			defaultConfigurationIsVisible = 0;
			defaultConfigurationName = Release;
		};
		1C201CDE1A7CB96B006AA0C7 /* Build configuration list for PBXNativeTarget "CrossCpp" */ = {
			isa = XCConfigurationList;
			buildConfigurations = (
				1C201CDF1A7CB96B006AA0C7 /* Debug */,
				1C201CE01A7CB96B006AA0C7 /* Release */,
			);
			defaultConfigurationIsVisible = 0;
		};
		1C201CE11A7CB96B006AA0C7 /* Build configuration list for PBXNativeTarget "CrossCppTests" */ = {
			isa = XCConfigurationList;
			buildConfigurations = (
				1C201CE21A7CB96B006AA0C7 /* Debug */,
				1C201CE31A7CB96B006AA0C7 /* Release */,
			);
			defaultConfigurationIsVisible = 0;
		};
/* End XCConfigurationList section */
	};
	rootObject = 1C201CB71A7CB96B006AA0C7 /* Project object */;
}
